
Microsoft Visual Studio Solution File, Format Version 12.00
# Visual Studio Version 16
VisualStudioVersion = 16.0.29209.62
MinimumVisualStudioVersion = 10.0.40219.1
Project("{2150E333-8FDC-42A3-9474-1A3956D46DE8}") = "src", "src", "{FF382A38-0F89-443D-B5A9-18E5EE2DA278}"
EndProject
Project("{2150E333-8FDC-42A3-9474-1A3956D46DE8}") = "example", "example", "{F9CC66D6-9A89-4F48-943F-7040203E9EB1}"
EndProject
Project("{FAE04EC0-301F-11D3-BF4B-00C04F79EFBC}") = "Smartflow.Web.Mvc", "example\Smartflow.Web.Mvc\Smartflow.Web.Mvc.csproj", "{4D2EACD3-4129-40D4-9534-8EF3505FDA97}"
EndProject
Project("{FAE04EC0-301F-11D3-BF4B-00C04F79EFBC}") = "Smartflow", "src\Smartflow\Smartflow.csproj", "{C77DD279-74F0-4A0A-B534-2CF858EDE21D}"
EndProject
Project("{FAE04EC0-301F-11D3-BF4B-00C04F79EFBC}") = "Smartflow.BussinessService", "example\Smartflow.BussinessService\Smartflow.BussinessService.csproj", "{EB6E0EC6-45DB-4EC2-9539-1ACE0981494D}"
EndProject
Project("{FAE04EC0-301F-11D3-BF4B-00C04F79EFBC}") = "Dapper", "example\Dapper\Dapper.csproj", "{97983236-A85F-4DA6-8518-5E9A788E08E8}"
EndProject
Project("{FAE04EC0-301F-11D3-BF4B-00C04F79EFBC}") = "Dapper", "src\Dapper\Dapper.csproj", "{A9E82305-9EA9-41E6-8FF6-AB3D6E3DAF36}"
EndProject
Project("{FAE04EC0-301F-11D3-BF4B-00C04F79EFBC}") = "Smartflow.Bussiness", "src\Smartflow.Bussiness\Smartflow.Bussiness.csproj", "{4415DE6A-4569-4B91-97E6-900C1E23F7FD}"
EndProject
Project("{FAE04EC0-301F-11D3-BF4B-00C04F79EFBC}") = "Smartflow.Common", "src\Smartflow.Common\Smartflow.Common.csproj", "{6C42E2EB-99C5-44D8-AFE3-2593321E01F1}"
EndProject
Project("{FAE04EC0-301F-11D3-BF4B-00C04F79EFBC}") = "Smartflow.Web", "src\Smartflow.Web\Smartflow.Web.csproj", "{0F157590-C515-4CF8-9D8E-FE5961B1400F}"
EndProject
Global
	GlobalSection(SolutionConfigurationPlatforms) = preSolution
		Debug|Any CPU = Debug|Any CPU
		Release|Any CPU = Release|Any CPU
	EndGlobalSection
	GlobalSection(ProjectConfigurationPlatforms) = postSolution
		{4D2EACD3-4129-40D4-9534-8EF3505FDA97}.Debug|Any CPU.ActiveCfg = Debug|Any CPU
		{4D2EACD3-4129-40D4-9534-8EF3505FDA97}.Debug|Any CPU.Build.0 = Debug|Any CPU
		{4D2EACD3-4129-40D4-9534-8EF3505FDA97}.Release|Any CPU.ActiveCfg = Release|Any CPU
		{4D2EACD3-4129-40D4-9534-8EF3505FDA97}.Release|Any CPU.Build.0 = Release|Any CPU
		{C77DD279-74F0-4A0A-B534-2CF858EDE21D}.Debug|Any CPU.ActiveCfg = Debug|Any CPU
		{C77DD279-74F0-4A0A-B534-2CF858EDE21D}.Debug|Any CPU.Build.0 = Debug|Any CPU
		{C77DD279-74F0-4A0A-B534-2CF858EDE21D}.Release|Any CPU.ActiveCfg = Release|Any CPU
		{C77DD279-74F0-4A0A-B534-2CF858EDE21D}.Release|Any CPU.Build.0 = Release|Any CPU
		{EB6E0EC6-45DB-4EC2-9539-1ACE0981494D}.Debug|Any CPU.ActiveCfg = Debug|Any CPU
		{EB6E0EC6-45DB-4EC2-9539-1ACE0981494D}.Debug|Any CPU.Build.0 = Debug|Any CPU
		{EB6E0EC6-45DB-4EC2-9539-1ACE0981494D}.Release|Any CPU.ActiveCfg = Release|Any CPU
		{EB6E0EC6-45DB-4EC2-9539-1ACE0981494D}.Release|Any CPU.Build.0 = Release|Any CPU
		{97983236-A85F-4DA6-8518-5E9A788E08E8}.Debug|Any CPU.ActiveCfg = Debug|Any CPU
		{97983236-A85F-4DA6-8518-5E9A788E08E8}.Debug|Any CPU.Build.0 = Debug|Any CPU
		{97983236-A85F-4DA6-8518-5E9A788E08E8}.Release|Any CPU.ActiveCfg = Release|Any CPU
		{97983236-A85F-4DA6-8518-5E9A788E08E8}.Release|Any CPU.Build.0 = Release|Any CPU
		{A9E82305-9EA9-41E6-8FF6-AB3D6E3DAF36}.Debug|Any CPU.ActiveCfg = Debug|Any CPU
		{A9E82305-9EA9-41E6-8FF6-AB3D6E3DAF36}.Debug|Any CPU.Build.0 = Debug|Any CPU
		{A9E82305-9EA9-41E6-8FF6-AB3D6E3DAF36}.Release|Any CPU.ActiveCfg = Release|Any CPU
		{A9E82305-9EA9-41E6-8FF6-AB3D6E3DAF36}.Release|Any CPU.Build.0 = Release|Any CPU
		{4415DE6A-4569-4B91-97E6-900C1E23F7FD}.Debug|Any CPU.ActiveCfg = Debug|Any CPU
		{4415DE6A-4569-4B91-97E6-900C1E23F7FD}.Debug|Any CPU.Build.0 = Debug|Any CPU
		{4415DE6A-4569-4B91-97E6-900C1E23F7FD}.Release|Any CPU.ActiveCfg = Release|Any CPU
		{4415DE6A-4569-4B91-97E6-900C1E23F7FD}.Release|Any CPU.Build.0 = Release|Any CPU
		{6C42E2EB-99C5-44D8-AFE3-2593321E01F1}.Debug|Any CPU.ActiveCfg = Debug|Any CPU
		{6C42E2EB-99C5-44D8-AFE3-2593321E01F1}.Debug|Any CPU.Build.0 = Debug|Any CPU
		{6C42E2EB-99C5-44D8-AFE3-2593321E01F1}.Release|Any CPU.ActiveCfg = Release|Any CPU
		{6C42E2EB-99C5-44D8-AFE3-2593321E01F1}.Release|Any CPU.Build.0 = Release|Any CPU
		{0F157590-C515-4CF8-9D8E-FE5961B1400F}.Debug|Any CPU.ActiveCfg = Debug|Any CPU
		{0F157590-C515-4CF8-9D8E-FE5961B1400F}.Debug|Any CPU.Build.0 = Debug|Any CPU
		{0F157590-C515-4CF8-9D8E-FE5961B1400F}.Release|Any CPU.ActiveCfg = Release|Any CPU
		{0F157590-C515-4CF8-9D8E-FE5961B1400F}.Release|Any CPU.Build.0 = Release|Any CPU
	EndGlobalSection
	GlobalSection(SolutionProperties) = preSolution
		HideSolutionNode = FALSE
	EndGlobalSection
	GlobalSection(NestedProjects) = preSolution
		{4D2EACD3-4129-40D4-9534-8EF3505FDA97} = {F9CC66D6-9A89-4F48-943F-7040203E9EB1}
		{C77DD279-74F0-4A0A-B534-2CF858EDE21D} = {FF382A38-0F89-443D-B5A9-18E5EE2DA278}
		{EB6E0EC6-45DB-4EC2-9539-1ACE0981494D} = {F9CC66D6-9A89-4F48-943F-7040203E9EB1}
		{97983236-A85F-4DA6-8518-5E9A788E08E8} = {F9CC66D6-9A89-4F48-943F-7040203E9EB1}
		{A9E82305-9EA9-41E6-8FF6-AB3D6E3DAF36} = {FF382A38-0F89-443D-B5A9-18E5EE2DA278}
		{4415DE6A-4569-4B91-97E6-900C1E23F7FD} = {FF382A38-0F89-443D-B5A9-18E5EE2DA278}
		{6C42E2EB-99C5-44D8-AFE3-2593321E01F1} = {FF382A38-0F89-443D-B5A9-18E5EE2DA278}
		{0F157590-C515-4CF8-9D8E-FE5961B1400F} = {FF382A38-0F89-443D-B5A9-18E5EE2DA278}
	EndGlobalSection
	GlobalSection(ExtensibilityGlobals) = postSolution
		SolutionGuid = {FB2067CD-AB97-43A3-938D-548677EECDD2}
	EndGlobalSection
EndGlobal
